// !$*UTF8*$!
{
	archiveVersion = 1;
	classes = {
	};
	objectVersion = 50;
	objects = {

/* Begin PBXBuildFile section */
		638170112401F76A0097524A /* AppDelegate.swift in Sources */ = {isa = PBXBuildFile; fileRef = 638170102401F76A0097524A /* AppDelegate.swift */; };
		638170132401F76A0097524A /* SceneDelegate.swift in Sources */ = {isa = PBXBuildFile; fileRef = 638170122401F76A0097524A /* SceneDelegate.swift */; };
		638170152401F76A0097524A /* ViewController.swift in Sources */ = {isa = PBXBuildFile; fileRef = 638170142401F76A0097524A /* ViewController.swift */; };
		638170182401F76A0097524A /* Main.storyboard in Resources */ = {isa = PBXBuildFile; fileRef = 638170162401F76A0097524A /* Main.storyboard */; };
		6381701A2401F76B0097524A /* Assets.xcassets in Resources */ = {isa = PBXBuildFile; fileRef = 638170192401F76B0097524A /* Assets.xcassets */; };
		6381701D2401F76B0097524A /* LaunchScreen.storyboard in Resources */ = {isa = PBXBuildFile; fileRef = 6381701B2401F76B0097524A /* LaunchScreen.storyboard */; };
		638170282401F76B0097524A /* NinetyNineTests.swift in Sources */ = {isa = PBXBuildFile; fileRef = 638170272401F76B0097524A /* NinetyNineTests.swift */; };
		638170332401F79D0097524A /* List.swift in Sources */ = {isa = PBXBuildFile; fileRef = 638170322401F79D0097524A /* List.swift */; };
		638170342401F79D0097524A /* List.swift in Sources */ = {isa = PBXBuildFile; fileRef = 638170322401F79D0097524A /* List.swift */; };
/* End PBXBuildFile section */

/* Begin PBXContainerItemProxy section */
		638170242401F76B0097524A /* PBXContainerItemProxy */ = {
			isa = PBXContainerItemProxy;
			containerPortal = 638170052401F76A0097524A /* Project object */;
			proxyType = 1;
			remoteGlobalIDString = 6381700C2401F76A0097524A;
			remoteInfo = NinetyNine;
		};
/* End PBXContainerItemProxy section */

/* Begin PBXFileReference section */
		6381700D2401F76A0097524A /* NinetyNine.app */ = {isa = PBXFileReference; explicitFileType = wrapper.application; includeInIndex = 0; path = NinetyNine.app; sourceTree = BUILT_PRODUCTS_DIR; };
		638170102401F76A0097524A /* AppDelegate.swift */ = {isa = PBXFileReference; lastKnownFileType = sourcecode.swift; path = AppDelegate.swift; sourceTree = "<group>"; };
		638170122401F76A0097524A /* SceneDelegate.swift */ = {isa = PBXFileReference; lastKnownFileType = sourcecode.swift; path = SceneDelegate.swift; sourceTree = "<group>"; };
		638170142401F76A0097524A /* ViewController.swift */ = {isa = PBXFileReference; lastKnownFileType = sourcecode.swift; path = ViewController.swift; sourceTree = "<group>"; };
		638170172401F76A0097524A /* Base */ = {isa = PBXFileReference; lastKnownFileType = file.storyboard; name = Base; path = Base.lproj/Main.storyboard; sourceTree = "<group>"; };
		638170192401F76B0097524A /* Assets.xcassets */ = {isa = PBXFileReference; lastKnownFileType = folder.assetcatalog; path = Assets.xcassets; sourceTree = "<group>"; };
		6381701C2401F76B0097524A /* Base */ = {isa = PBXFileReference; lastKnownFileType = file.storyboard; name = Base; path = Base.lproj/LaunchScreen.storyboard; sourceTree = "<group>"; };
		6381701E2401F76B0097524A /* Info.plist */ = {isa = PBXFileReference; lastKnownFileType = text.plist.xml; path = Info.plist; sourceTree = "<group>"; };
		638170232401F76B0097524A /* NinetyNineTests.xctest */ = {isa = PBXFileReference; explicitFileType = wrapper.cfbundle; includeInIndex = 0; path = NinetyNineTests.xctest; sourceTree = BUILT_PRODUCTS_DIR; };
		638170272401F76B0097524A /* NinetyNineTests.swift */ = {isa = PBXFileReference; lastKnownFileType = sourcecode.swift; path = NinetyNineTests.swift; sourceTree = "<group>"; };
		638170292401F76B0097524A /* Info.plist */ = {isa = PBXFileReference; lastKnownFileType = text.plist.xml; path = Info.plist; sourceTree = "<group>"; };
		638170322401F79D0097524A /* List.swift */ = {isa = PBXFileReference; lastKnownFileType = sourcecode.swift; path = List.swift; sourceTree = "<group>"; };
/* End PBXFileReference section */

/* Begin PBXFrameworksBuildPhase section */
		6381700A2401F76A0097524A /* Frameworks */ = {
			isa = PBXFrameworksBuildPhase;
			buildActionMask = 2147483647;
			files = (
			);
			runOnlyForDeploymentPostprocessing = 0;
		};
		638170202401F76B0097524A /* Frameworks */ = {
			isa = PBXFrameworksBuildPhase;
			buildActionMask = 2147483647;
			files = (
			);
			runOnlyForDeploymentPostprocessing = 0;
		};
/* End PBXFrameworksBuildPhase section */

/* Begin PBXGroup section */
		638170042401F76A0097524A = {
			isa = PBXGroup;
			children = (
				6381700F2401F76A0097524A /* NinetyNine */,
				638170262401F76B0097524A /* NinetyNineTests */,
				6381700E2401F76A0097524A /* Products */,
			);
			sourceTree = "<group>";
		};
		6381700E2401F76A0097524A /* Products */ = {
			isa = PBXGroup;
			children = (
				6381700D2401F76A0097524A /* NinetyNine.app */,
				638170232401F76B0097524A /* NinetyNineTests.xctest */,
			);
			name = Products;
			sourceTree = "<group>";
		};
		6381700F2401F76A0097524A /* NinetyNine */ = {
			isa = PBXGroup;
			children = (
				638170102401F76A0097524A /* AppDelegate.swift */,
				638170122401F76A0097524A /* SceneDelegate.swift */,
				638170142401F76A0097524A /* ViewController.swift */,
				638170162401F76A0097524A /* Main.storyboard */,
				638170192401F76B0097524A /* Assets.xcassets */,
				6381701B2401F76B0097524A /* LaunchScreen.storyboard */,
				6381701E2401F76B0097524A /* Info.plist */,
				638170322401F79D0097524A /* List.swift */,
			);
			path = NinetyNine;
			sourceTree = "<group>";
		};
		638170262401F76B0097524A /* NinetyNineTests */ = {
			isa = PBXGroup;
			children = (
				638170272401F76B0097524A /* NinetyNineTests.swift */,
				638170292401F76B0097524A /* Info.plist */,
			);
			path = NinetyNineTests;
			sourceTree = "<group>";
		};
/* End PBXGroup section */

/* Begin PBXNativeTarget section */
		6381700C2401F76A0097524A /* NinetyNine */ = {
			isa = PBXNativeTarget;
			buildConfigurationList = 6381702C2401F76B0097524A /* Build configuration list for PBXNativeTarget "NinetyNine" */;
			buildPhases = (
				638170092401F76A0097524A /* Sources */,
				6381700A2401F76A0097524A /* Frameworks */,
				6381700B2401F76A0097524A /* Resources */,
			);
			buildRules = (
			);
			dependencies = (
			);
			name = NinetyNine;
			productName = NinetyNine;
			productReference = 6381700D2401F76A0097524A /* NinetyNine.app */;
			productType = "com.apple.product-type.application";
		};
		638170222401F76B0097524A /* NinetyNineTests */ = {
			isa = PBXNativeTarget;
			buildConfigurationList = 6381702F2401F76B0097524A /* Build configuration list for PBXNativeTarget "NinetyNineTests" */;
			buildPhases = (
				6381701F2401F76B0097524A /* Sources */,
				638170202401F76B0097524A /* Frameworks */,
				638170212401F76B0097524A /* Resources */,
			);
			buildRules = (
			);
			dependencies = (
				638170252401F76B0097524A /* PBXTargetDependency */,
			);
			name = NinetyNineTests;
			productName = NinetyNineTests;
			productReference = 638170232401F76B0097524A /* NinetyNineTests.xctest */;
			productType = "com.apple.product-type.bundle.unit-test";
		};
/* End PBXNativeTarget section */

/* Begin PBXProject section */
		638170052401F76A0097524A /* Project object */ = {
			isa = PBXProject;
			attributes = {
				LastSwiftUpdateCheck = 1130;
				LastUpgradeCheck = 1130;
				ORGANIZATIONNAME = "Thomas Hamming";
				TargetAttributes = {
					6381700C2401F76A0097524A = {
						CreatedOnToolsVersion = 11.3;
					};
					638170222401F76B0097524A = {
						CreatedOnToolsVersion = 11.3;
						TestTargetID = 6381700C2401F76A0097524A;
					};
				};
			};
			buildConfigurationList = 638170082401F76A0097524A /* Build configuration list for PBXProject "NinetyNine" */;
			compatibilityVersion = "Xcode 9.3";
			developmentRegion = en;
			hasScannedForEncodings = 0;
			knownRegions = (
				en,
				Base,
			);
			mainGroup = 638170042401F76A0097524A;
			productRefGroup = 6381700E2401F76A0097524A /* Products */;
			projectDirPath = "";
			projectRoot = "";
			targets = (
				6381700C2401F76A0097524A /* NinetyNine */,
				638170222401F76B0097524A /* NinetyNineTests */,
			);
		};
/* End PBXProject section */

/* Begin PBXResourcesBuildPhase section */
		6381700B2401F76A0097524A /* Resources */ = {
			isa = PBXResourcesBuildPhase;
			buildActionMask = 2147483647;
			files = (
				6381701D2401F76B0097524A /* LaunchScreen.storyboard in Resources */,
				6381701A2401F76B0097524A /* Assets.xcassets in Resources */,
				638170182401F76A0097524A /* Main.storyboard in Resources */,
			);
			runOnlyForDeploymentPostprocessing = 0;
		};
		638170212401F76B0097524A /* Resources */ = {
			isa = PBXResourcesBuildPhase;
			buildActionMask = 2147483647;
			files = (
			);
			runOnlyForDeploymentPostprocessing = 0;
		};
/* End PBXResourcesBuildPhase section */

/* Begin PBXSourcesBuildPhase section */
		638170092401F76A0097524A /* Sources */ = {
			isa = PBXSourcesBuildPhase;
			buildActionMask = 2147483647;
			files = (
				638170152401F76A0097524A /* ViewController.swift in Sources */,
				638170112401F76A0097524A /* AppDelegate.swift in Sources */,
				638170332401F79D0097524A /* List.swift in Sources */,
				638170132401F76A0097524A /* SceneDelegate.swift in Sources */,
			);
			runOnlyForDeploymentPostprocessing = 0;
		};
		6381701F2401F76B0097524A /* Sources */ = {
			isa = PBXSourcesBuildPhase;
			buildActionMask = 2147483647;
			files = (
				638170342401F79D0097524A /* List.swift in Sources */,
				638170282401F76B0097524A /* NinetyNineTests.swift in Sources */,
			);
			runOnlyForDeploymentPostprocessing = 0;
		};
/* End PBXSourcesBuildPhase section */

/* Begin PBXTargetDependency section */
		638170252401F76B0097524A /* PBXTargetDependency */ = {
			isa = PBXTargetDependency;
			target = 6381700C2401F76A0097524A /* NinetyNine */;
			targetProxy = 638170242401F76B0097524A /* PBXContainerItemProxy */;
		};
/* End PBXTargetDependency section */

/* Begin PBXVariantGroup section */
		638170162401F76A0097524A /* Main.storyboard */ = {
			isa = PBXVariantGroup;
			children = (
				638170172401F76A0097524A /* Base */,
			);
			name = Main.storyboard;
			sourceTree = "<group>";
		};
		6381701B2401F76B0097524A /* LaunchScreen.storyboard */ = {
			isa = PBXVariantGroup;
			children = (
				6381701C2401F76B0097524A /* Base */,
			);
			name = LaunchScreen.storyboard;
			sourceTree = "<group>";
		};
/* End PBXVariantGroup section */

/* Begin XCBuildConfiguration section */
		6381702A2401F76B0097524A /* Debug */ = {
			isa = XCBuildConfiguration;
			buildSettings = {
				ALWAYS_SEARCH_USER_PATHS = NO;
				CLANG_ANALYZER_NONNULL = YES;
				CLANG_ANALYZER_NUMBER_OBJECT_CONVERSION = YES_AGGRESSIVE;
				CLANG_CXX_LANGUAGE_STANDARD = "gnu++14";
				CLANG_CXX_LIBRARY = "libc++";
				CLANG_ENABLE_MODULES = YES;
				CLANG_ENABLE_OBJC_ARC = YES;
				CLANG_ENABLE_OBJC_WEAK = YES;
				CLANG_WARN_BLOCK_CAPTURE_AUTORELEASING = YES;
				CLANG_WARN_BOOL_CONVERSION = YES;
				CLANG_WARN_COMMA = YES;
				CLANG_WARN_CONSTANT_CONVERSION = YES;
				CLANG_WARN_DEPRECATED_OBJC_IMPLEMENTATIONS = YES;
				CLANG_WARN_DIRECT_OBJC_ISA_USAGE = YES_ERROR;
				CLANG_WARN_DOCUMENTATION_COMMENTS = YES;
				CLANG_WARN_EMPTY_BODY = YES;
				CLANG_WARN_ENUM_CONVERSION = YES;
				CLANG_WARN_INFINITE_RECURSION = YES;
				CLANG_WARN_INT_CONVERSION = YES;
				CLANG_WARN_NON_LITERAL_NULL_CONVERSION = YES;
				CLANG_WARN_OBJC_IMPLICIT_RETAIN_SELF = YES;
				CLANG_WARN_OBJC_LITERAL_CONVERSION = YES;
				CLANG_WARN_OBJC_ROOT_CLASS = YES_ERROR;
				CLANG_WARN_RANGE_LOOP_ANALYSIS = YES;
				CLANG_WARN_STRICT_PROTOTYPES = YES;
				CLANG_WARN_SUSPICIOUS_MOVE = YES;
				CLANG_WARN_UNGUARDED_AVAILABILITY = YES_AGGRESSIVE;
				CLANG_WARN_UNREACHABLE_CODE = YES;
				CLANG_WARN__DUPLICATE_METHOD_MATCH = YES;
				COPY_PHASE_STRIP = NO;
				DEBUG_INFORMATION_FORMAT = dwarf;
				ENABLE_STRICT_OBJC_MSGSEND = YES;
				ENABLE_TESTABILITY = YES;
				GCC_C_LANGUAGE_STANDARD = gnu11;
				GCC_DYNAMIC_NO_PIC = NO;
				GCC_NO_COMMON_BLOCKS = YES;
				GCC_OPTIMIZATION_LEVEL = 0;
				GCC_PREPROCESSOR_DEFINITIONS = (
					"DEBUG=1",
					"$(inherited)",
				);
				GCC_WARN_64_TO_32_BIT_CONVERSION = YES;
				GCC_WARN_ABOUT_RETURN_TYPE = YES_ERROR;
				GCC_WARN_UNDECLARED_SELECTOR = YES;
				GCC_WARN_UNINITIALIZED_AUTOS = YES_AGGRESSIVE;
				GCC_WARN_UNUSED_FUNCTION = YES;
				GCC_WARN_UNUSED_VARIABLE = YES;
				IPHONEOS_DEPLOYMENT_TARGET = 13.2;
				MTL_ENABLE_DEBUG_INFO = INCLUDE_SOURCE;
				MTL_FAST_MATH = YES;
				ONLY_ACTIVE_ARCH = YES;
				SDKROOT = iphoneos;
				SWIFT_ACTIVE_COMPILATION_CONDITIONS = DEBUG;
				SWIFT_OPTIMIZATION_LEVEL = "-Onone";
			};
			name = Debug;
		};
		6381702B2401F76B0097524A /* Release */ = {
			isa = XCBuildConfiguration;
			buildSettings = {
				ALWAYS_SEARCH_USER_PATHS = NO;
				CLANG_ANALYZER_NONNULL = YES;
				CLANG_ANALYZER_NUMBER_OBJECT_CONVERSION = YES_AGGRESSIVE;
				CLANG_CXX_LANGUAGE_STANDARD = "gnu++14";
				CLANG_CXX_LIBRARY = "libc++";
				CLANG_ENABLE_MODULES = YES;
				CLANG_ENABLE_OBJC_ARC = YES;
				CLANG_ENABLE_OBJC_WEAK = YES;
				CLANG_WARN_BLOCK_CAPTURE_AUTORELEASING = YES;
				CLANG_WARN_BOOL_CONVERSION = YES;
				CLANG_WARN_COMMA = YES;
				CLANG_WARN_CONSTANT_CONVERSION = YES;
				CLANG_WARN_DEPRECATED_OBJC_IMPLEMENTATIONS = YES;
				CLANG_WARN_DIRECT_OBJC_ISA_USAGE = YES_ERROR;
				CLANG_WARN_DOCUMENTATION_COMMENTS = YES;
				CLANG_WARN_EMPTY_BODY = YES;
				CLANG_WARN_ENUM_CONVERSION = YES;
				CLANG_WARN_INFINITE_RECURSION = YES;
				CLANG_WARN_INT_CONVERSION = YES;
				CLANG_WARN_NON_LITERAL_NULL_CONVERSION = YES;
				CLANG_WARN_OBJC_IMPLICIT_RETAIN_SELF = YES;
				CLANG_WARN_OBJC_LITERAL_CONVERSION = YES;
				CLANG_WARN_OBJC_ROOT_CLASS = YES_ERROR;
				CLANG_WARN_RANGE_LOOP_ANALYSIS = YES;
				CLANG_WARN_STRICT_PROTOTYPES = YES;
				CLANG_WARN_SUSPICIOUS_MOVE = YES;
				CLANG_WARN_UNGUARDED_AVAILABILITY = YES_AGGRESSIVE;
				CLANG_WARN_UNREACHABLE_CODE = YES;
				CLANG_WARN__DUPLICATE_METHOD_MATCH = YES;
				COPY_PHASE_STRIP = NO;
				DEBUG_INFORMATION_FORMAT = "dwarf-with-dsym";
				ENABLE_NS_ASSERTIONS = NO;
				ENABLE_STRICT_OBJC_MSGSEND = YES;
				GCC_C_LANGUAGE_STANDARD = gnu11;
				GCC_NO_COMMON_BLOCKS = YES;
				GCC_WARN_64_TO_32_BIT_CONVERSION = YES;
				GCC_WARN_ABOUT_RETURN_TYPE = YES_ERROR;
				GCC_WARN_UNDECLARED_SELECTOR = YES;
				GCC_WARN_UNINITIALIZED_AUTOS = YES_AGGRESSIVE;
				GCC_WARN_UNUSED_FUNCTION = YES;
				GCC_WARN_UNUSED_VARIABLE = YES;
				IPHONEOS_DEPLOYMENT_TARGET = 13.2;
				MTL_ENABLE_DEBUG_INFO = NO;
				MTL_FAST_MATH = YES;
				SDKROOT = iphoneos;
				SWIFT_COMPILATION_MODE = wholemodule;
				SWIFT_OPTIMIZATION_LEVEL = "-O";
				VALIDATE_PRODUCT = YES;
			};
			name = Release;
		};
		6381702D2401F76B0097524A /* Debug */ = {
			isa = XCBuildConfiguration;
			buildSettings = {
				ASSETCATALOG_COMPILER_APPICON_NAME = AppIcon;
				CODE_SIGN_STYLE = Automatic;
				DEVELOPMENT_TEAM = QU6BJ798TA;
				INFOPLIST_FILE = NinetyNine/Info.plist;
				LD_RUNPATH_SEARCH_PATHS = (
					"$(inherited)",
					"@executable_path/Frameworks",
				);
				PRODUCT_BUNDLE_IDENTIFIER = com.tdh.NinetyNine;
				PRODUCT_NAME = "$(TARGET_NAME)";
				SWIFT_VERSION = 5.0;
				TARGETED_DEVICE_FAMILY = "1,2";
			};
			name = Debug;
		};
		6381702E2401F76B0097524A /* Release */ = {
			isa = XCBuildConfiguration;
			buildSettings = {
				ASSETCATALOG_COMPILER_APPICON_NAME = AppIcon;
				CODE_SIGN_STYLE = Automatic;
				DEVELOPMENT_TEAM = QU6BJ798TA;
				INFOPLIST_FILE = NinetyNine/Info.plist;
				LD_RUNPATH_SEARCH_PATHS = (
					"$(inherited)",
					"@executable_path/Frameworks",
				);
				PRODUCT_BUNDLE_IDENTIFIER = com.tdh.NinetyNine;
				PRODUCT_NAME = "$(TARGET_NAME)";
				SWIFT_VERSION = 5.0;
				TARGETED_DEVICE_FAMILY = "1,2";
			};
			name = Release;
		};
		638170302401F76B0097524A /* Debug */ = {
			isa = XCBuildConfiguration;
			buildSettings = {
				ALWAYS_EMBED_SWIFT_STANDARD_LIBRARIES = YES;
				BUNDLE_LOADER = "$(TEST_HOST)";
				CODE_SIGN_STYLE = Automatic;
				DEVELOPMENT_TEAM = QU6BJ798TA;
				INFOPLIST_FILE = NinetyNineTests/Info.plist;
				IPHONEOS_DEPLOYMENT_TARGET = 13.2;
				LD_RUNPATH_SEARCH_PATHS = (
					"$(inherited)",
					"@executable_path/Frameworks",
					"@loader_path/Frameworks",
				);
				PRODUCT_BUNDLE_IDENTIFIER = com.tdh.NinetyNineTests;
				PRODUCT_NAME = "$(TARGET_NAME)";
				SWIFT_VERSION = 5.0;
				TARGETED_DEVICE_FAMILY = "1,2";
				TEST_HOST = "$(BUILT_PRODUCTS_DIR)/NinetyNine.app/NinetyNine";
			};
			name = Debug;
		};
		638170312401F76B0097524A /* Release */ = {
			isa = XCBuildConfiguration;
			buildSettings = {
				ALWAYS_EMBED_SWIFT_STANDARD_LIBRARIES = YES;
				BUNDLE_LOADER = "$(TEST_HOST)";
				CODE_SIGN_STYLE = Automatic;
				DEVELOPMENT_TEAM = QU6BJ798TA;
				INFOPLIST_FILE = NinetyNineTests/Info.plist;
				IPHONEOS_DEPLOYMENT_TARGET = 13.2;
				LD_RUNPATH_SEARCH_PATHS = (
					"$(inherited)",
					"@executable_path/Frameworks",
					"@loader_path/Frameworks",
				);
				PRODUCT_BUNDLE_IDENTIFIER = com.tdh.NinetyNineTests;
				PRODUCT_NAME = "$(TARGET_NAME)";
				SWIFT_VERSION = 5.0;
				TARGETED_DEVICE_FAMILY = "1,2";
				TEST_HOST = "$(BUILT_PRODUCTS_DIR)/NinetyNine.app/NinetyNine";
			};
			name = Release;
		};
/* End XCBuildConfiguration section */

/* Begin XCConfigurationList section */
		638170082401F76A0097524A /* Build configuration list for PBXProject "NinetyNine" */ = {
			isa = XCConfigurationList;
			buildConfigurations = (
				6381702A2401F76B0097524A /* Debug */,
				6381702B2401F76B0097524A /* Release */,
			);
			defaultConfigurationIsVisible = 0;
			defaultConfigurationName = Release;
		};
		6381702C2401F76B0097524A /* Build configuration list for PBXNativeTarget "NinetyNine" */ = {
			isa = XCConfigurationList;
			buildConfigurations = (
				6381702D2401F76B0097524A /* Debug */,
				6381702E2401F76B0097524A /* Release */,
			);
			defaultConfigurationIsVisible = 0;
			defaultConfigurationName = Release;
		};
		6381702F2401F76B0097524A /* Build configuration list for PBXNativeTarget "NinetyNineTests" */ = {
			isa = XCConfigurationList;
			buildConfigurations = (
				638170302401F76B0097524A /* Debug */,
				638170312401F76B0097524A /* Release */,
			);
			defaultConfigurationIsVisible = 0;
			defaultConfigurationName = Release;
		};
/* End XCConfigurationList section */
	};
	rootObject = 638170052401F76A0097524A /* Project object */;
}
